// !$*UTF8*$!
{
	archiveVersion = 1;
	classes = {
	};
	objectVersion = 56;
	objects = {

/* Begin PBXBuildFile section */
		AAA000001 /* PressayApp.swift in Sources */ = {isa = PBXBuildFile; fileRef = AAA000010 /* PressayApp.swift */; };
		AAA000002 /* AppState.swift in Sources */ = {isa = PBXBuildFile; fileRef = AAA000011 /* AppState.swift */; };
		AAA000003 /* MenuBarView.swift in Sources */ = {isa = PBXBuildFile; fileRef = AAA000012 /* MenuBarView.swift */; };
		AAA000004 /* SettingsView.swift in Sources */ = {isa = PBXBuildFile; fileRef = AAA000013 /* SettingsView.swift */; };
		AAA000005 /* AudioRecorder.swift in Sources */ = {isa = PBXBuildFile; fileRef = AAA000014 /* AudioRecorder.swift */; };
		AAA000006 /* KeyboardService.swift in Sources */ = {isa = PBXBuildFile; fileRef = AAA000015 /* KeyboardService.swift */; };
		AAA000007 /* TranscriptionService.swift in Sources */ = {isa = PBXBuildFile; fileRef = AAA000016 /* TranscriptionService.swift */; };
		AAA000008 /* TextInjector.swift in Sources */ = {isa = PBXBuildFile; fileRef = AAA000017 /* TextInjector.swift */; };
		AAA000009 /* KeychainHelper.swift in Sources */ = {isa = PBXBuildFile; fileRef = AAA000018 /* KeychainHelper.swift */; };
		AAA00000A /* Constants.swift in Sources */ = {isa = PBXBuildFile; fileRef = AAA000019 /* Constants.swift */; };
		BBB000001 /* SoundService.swift in Sources */ = {isa = PBXBuildFile; fileRef = BBB000010 /* SoundService.swift */; };
		BBB000002 /* HistoryService.swift in Sources */ = {isa = PBXBuildFile; fileRef = BBB000011 /* HistoryService.swift */; };
		BBB000003 /* HistoryView.swift in Sources */ = {isa = PBXBuildFile; fileRef = BBB000012 /* HistoryView.swift */; };
		CCC000001 /* Assets.xcassets in Resources */ = {isa = PBXBuildFile; fileRef = CCC000010 /* Assets.xcassets */; };
		DDD000001 /* SpeechDetectionPolicy.swift in Sources */ = {isa = PBXBuildFile; fileRef = DDD000010 /* SpeechDetectionPolicy.swift */; };
		DDD000002 /* MultipartFormData.swift in Sources */ = {isa = PBXBuildFile; fileRef = DDD000011 /* MultipartFormData.swift */; };
		DDD000003 /* PerformanceMetricsService.swift in Sources */ = {isa = PBXBuildFile; fileRef = DDD000012 /* PerformanceMetricsService.swift */; };
		DDD000004 /* StatusHUD.swift in Sources */ = {isa = PBXBuildFile; fileRef = DDD000013 /* StatusHUD.swift */; };
		EEE000001 /* PressayTests.swift in Sources */ = {isa = PBXBuildFile; fileRef = EEE000010 /* PressayTests.swift */; };
		FFF000001 /* AppMigrationService.swift in Sources */ = {isa = PBXBuildFile; fileRef = FFF000010 /* AppMigrationService.swift */; };
		FFF000002 /* UpdateService.swift in Sources */ = {isa = PBXBuildFile; fileRef = FFF000011 /* UpdateService.swift */; };
		FFF000003 /* Sparkle in Frameworks */ = {isa = PBXBuildFile; productRef = FFF000012 /* Sparkle */; };
		GGG000001 /* VoiceSession.swift in Sources */ = {isa = PBXBuildFile; fileRef = GGG000010 /* VoiceSession.swift */; };
		GGG000002 /* ServiceProtocols.swift in Sources */ = {isa = PBXBuildFile; fileRef = GGG000011 /* ServiceProtocols.swift */; };
		GGG000003 /* AccessibilityContextService.swift in Sources */ = {isa = PBXBuildFile; fileRef = GGG000012 /* AccessibilityContextService.swift */; };
		GGG000004 /* SessionCoordinator.swift in Sources */ = {isa = PBXBuildFile; fileRef = GGG000013 /* SessionCoordinator.swift */; };
		HHH000001 /* ModeStore.swift in Sources */ = {isa = PBXBuildFile; fileRef = HHH000010 /* ModeStore.swift */; };
		HHH000002 /* OpenAITextProcessingService.swift in Sources */ = {isa = PBXBuildFile; fileRef = HHH000011 /* OpenAITextProcessingService.swift */; };
		HHH000003 /* TextPreview.swift in Sources */ = {isa = PBXBuildFile; fileRef = HHH000012 /* TextPreview.swift */; };
		HHH000004 /* ModesView.swift in Sources */ = {isa = PBXBuildFile; fileRef = HHH000013 /* ModesView.swift */; };
		III000001 /* ClipboardTransactionCoordinator.swift in Sources */ = {isa = PBXBuildFile; fileRef = III000010 /* ClipboardTransactionCoordinator.swift */; };
		III000002 /* CloudConsentService.swift in Sources */ = {isa = PBXBuildFile; fileRef = III000011 /* CloudConsentService.swift */; };
		III000003 /* InMemoryReplayBuffer.swift in Sources */ = {isa = PBXBuildFile; fileRef = III000012 /* InMemoryReplayBuffer.swift */; };
		JJJ000001 /* ProviderRoutingService.swift in Sources */ = {isa = PBXBuildFile; fileRef = JJJ000010 /* ProviderRoutingService.swift */; };
		JJJ000002 /* ModelCatalogService.swift in Sources */ = {isa = PBXBuildFile; fileRef = JJJ000011 /* ModelCatalogService.swift */; };
		KKK000001 /* ShortcutRecorderView.swift in Sources */ = {isa = PBXBuildFile; fileRef = KKK000010 /* ShortcutRecorderView.swift */; };
		MAS000001 /* DistributionChannel.swift in Sources */ = {isa = PBXBuildFile; fileRef = MAS000010 /* DistributionChannel.swift */; };
		MAS100001 /* PressayApp.swift in Sources */ = {isa = PBXBuildFile; fileRef = AAA000010 /* PressayApp.swift */; };
		MAS100002 /* AppState.swift in Sources */ = {isa = PBXBuildFile; fileRef = AAA000011 /* AppState.swift */; };
		MAS100003 /* MenuBarView.swift in Sources */ = {isa = PBXBuildFile; fileRef = AAA000012 /* MenuBarView.swift */; };
		MAS100004 /* SettingsView.swift in Sources */ = {isa = PBXBuildFile; fileRef = AAA000013 /* SettingsView.swift */; };
		MAS100005 /* AudioRecorder.swift in Sources */ = {isa = PBXBuildFile; fileRef = AAA000014 /* AudioRecorder.swift */; };
		MAS100006 /* KeyboardService.swift in Sources */ = {isa = PBXBuildFile; fileRef = AAA000015 /* KeyboardService.swift */; };
		MAS100007 /* TranscriptionService.swift in Sources */ = {isa = PBXBuildFile; fileRef = AAA000016 /* TranscriptionService.swift */; };
		MAS100008 /* TextInjector.swift in Sources */ = {isa = PBXBuildFile; fileRef = AAA000017 /* TextInjector.swift */; };
		MAS100009 /* KeychainHelper.swift in Sources */ = {isa = PBXBuildFile; fileRef = AAA000018 /* KeychainHelper.swift */; };
		MAS10000A /* Constants.swift in Sources */ = {isa = PBXBuildFile; fileRef = AAA000019 /* Constants.swift */; };
		MAS10000B /* SoundService.swift in Sources */ = {isa = PBXBuildFile; fileRef = BBB000010 /* SoundService.swift */; };
		MAS10000C /* HistoryService.swift in Sources */ = {isa = PBXBuildFile; fileRef = BBB000011 /* HistoryService.swift */; };
		MAS10000D /* HistoryView.swift in Sources */ = {isa = PBXBuildFile; fileRef = BBB000012 /* HistoryView.swift */; };
		MAS10000E /* SpeechDetectionPolicy.swift in Sources */ = {isa = PBXBuildFile; fileRef = DDD000010 /* SpeechDetectionPolicy.swift */; };
		MAS10000F /* MultipartFormData.swift in Sources */ = {isa = PBXBuildFile; fileRef = DDD000011 /* MultipartFormData.swift */; };
		MAS100010 /* PerformanceMetricsService.swift in Sources */ = {isa = PBXBuildFile; fileRef = DDD000012 /* PerformanceMetricsService.swift */; };
		MAS100011 /* StatusHUD.swift in Sources */ = {isa = PBXBuildFile; fileRef = DDD000013 /* StatusHUD.swift */; };
		MAS100012 /* UpdateService.swift in Sources */ = {isa = PBXBuildFile; fileRef = FFF000011 /* UpdateService.swift */; };
		MAS100013 /* VoiceSession.swift in Sources */ = {isa = PBXBuildFile; fileRef = GGG000010 /* VoiceSession.swift */; };
		MAS100014 /* ServiceProtocols.swift in Sources */ = {isa = PBXBuildFile; fileRef = GGG000011 /* ServiceProtocols.swift */; };
		MAS100015 /* AccessibilityContextService.swift in Sources */ = {isa = PBXBuildFile; fileRef = GGG000012 /* AccessibilityContextService.swift */; };
		MAS100016 /* SessionCoordinator.swift in Sources */ = {isa = PBXBuildFile; fileRef = GGG000013 /* SessionCoordinator.swift */; };
		MAS100017 /* ModeStore.swift in Sources */ = {isa = PBXBuildFile; fileRef = HHH000010 /* ModeStore.swift */; };
		MAS100018 /* OpenAITextProcessingService.swift in Sources */ = {isa = PBXBuildFile; fileRef = HHH000011 /* OpenAITextProcessingService.swift */; };
		MAS100019 /* TextPreview.swift in Sources */ = {isa = PBXBuildFile; fileRef = HHH000012 /* TextPreview.swift */; };
		MAS10001A /* ModesView.swift in Sources */ = {isa = PBXBuildFile; fileRef = HHH000013 /* ModesView.swift */; };
		MAS10001B /* ClipboardTransactionCoordinator.swift in Sources */ = {isa = PBXBuildFile; fileRef = III000010 /* ClipboardTransactionCoordinator.swift */; };
		MAS10001C /* CloudConsentService.swift in Sources */ = {isa = PBXBuildFile; fileRef = III000011 /* CloudConsentService.swift */; };
		MAS10001D /* InMemoryReplayBuffer.swift in Sources */ = {isa = PBXBuildFile; fileRef = III000012 /* InMemoryReplayBuffer.swift */; };
		MAS10001E /* ProviderRoutingService.swift in Sources */ = {isa = PBXBuildFile; fileRef = JJJ000010 /* ProviderRoutingService.swift */; };
		MAS10001F /* ShortcutRecorderView.swift in Sources */ = {isa = PBXBuildFile; fileRef = KKK000010 /* ShortcutRecorderView.swift */; };
		MAS100020 /* DistributionChannel.swift in Sources */ = {isa = PBXBuildFile; fileRef = MAS000010 /* DistributionChannel.swift */; };
		MAS100021 /* Assets.xcassets in Resources */ = {isa = PBXBuildFile; fileRef = CCC000010 /* Assets.xcassets */; };
		MAS100022 /* PrivacyInfo.xcprivacy in Resources */ = {isa = PBXBuildFile; fileRef = MAS000013 /* PrivacyInfo.xcprivacy */; };
		NNN000001 /* PrivacyInfo.xcprivacy in Resources */ = {isa = PBXBuildFile; fileRef = MAS000013 /* PrivacyInfo.xcprivacy */; };
		OOO000001 /* WhisperKit in Frameworks */ = {isa = PBXBuildFile; productRef = OOO000012 /* WhisperKit */; };
		OOO000002 /* WhisperKitTranscriptionService.swift in Sources */ = {isa = PBXBuildFile; fileRef = OOO000010 /* WhisperKitTranscriptionService.swift */; };
		PPP000001 /* AccountService.swift in Sources */ = {isa = PBXBuildFile; fileRef = PPP000010 /* AccountService.swift */; };
		MAS100027 /* AccountService.swift in Sources */ = {isa = PBXBuildFile; fileRef = PPP000010 /* AccountService.swift */; };
		MAS100025 /* WhisperKit in Frameworks */ = {isa = PBXBuildFile; productRef = OOO000012 /* WhisperKit */; };
		MAS100026 /* WhisperKitTranscriptionService.swift in Sources */ = {isa = PBXBuildFile; fileRef = OOO000010 /* WhisperKitTranscriptionService.swift */; };
		ZZZ000001 /* PressayAXFixtureApp.swift in Sources */ = {isa = PBXBuildFile; fileRef = ZZZ000010 /* PressayAXFixtureApp.swift */; };
/* End PBXBuildFile section */

/* Begin PBXFileReference section */
		AAA000010 /* PressayApp.swift */ = {isa = PBXFileReference; lastKnownFileType = sourcecode.swift; path = PressayApp.swift; sourceTree = "<group>"; };
		AAA000011 /* AppState.swift */ = {isa = PBXFileReference; lastKnownFileType = sourcecode.swift; path = AppState.swift; sourceTree = "<group>"; };
		AAA000012 /* MenuBarView.swift */ = {isa = PBXFileReference; lastKnownFileType = sourcecode.swift; path = MenuBarView.swift; sourceTree = "<group>"; };
		AAA000013 /* SettingsView.swift */ = {isa = PBXFileReference; lastKnownFileType = sourcecode.swift; path = SettingsView.swift; sourceTree = "<group>"; };
		AAA000014 /* AudioRecorder.swift */ = {isa = PBXFileReference; lastKnownFileType = sourcecode.swift; path = AudioRecorder.swift; sourceTree = "<group>"; };
		AAA000015 /* KeyboardService.swift */ = {isa = PBXFileReference; lastKnownFileType = sourcecode.swift; path = KeyboardService.swift; sourceTree = "<group>"; };
		AAA000016 /* TranscriptionService.swift */ = {isa = PBXFileReference; lastKnownFileType = sourcecode.swift; path = TranscriptionService.swift; sourceTree = "<group>"; };
		AAA000017 /* TextInjector.swift */ = {isa = PBXFileReference; lastKnownFileType = sourcecode.swift; path = TextInjector.swift; sourceTree = "<group>"; };
		AAA000018 /* KeychainHelper.swift */ = {isa = PBXFileReference; lastKnownFileType = sourcecode.swift; path = KeychainHelper.swift; sourceTree = "<group>"; };
		AAA000019 /* Constants.swift */ = {isa = PBXFileReference; lastKnownFileType = sourcecode.swift; path = Constants.swift; sourceTree = "<group>"; };
		AAA00001A /* Info.plist */ = {isa = PBXFileReference; lastKnownFileType = text.plist.xml; path = Info.plist; sourceTree = "<group>"; };
		AAA00001B /* Pressay.entitlements */ = {isa = PBXFileReference; lastKnownFileType = text.plist.entitlements; path = Pressay.entitlements; sourceTree = "<group>"; };
		AAA00001C /* Pressay.app */ = {isa = PBXFileReference; explicitFileType = wrapper.application; includeInIndex = 0; path = Pressay.app; sourceTree = BUILT_PRODUCTS_DIR; };
		BBB000010 /* SoundService.swift */ = {isa = PBXFileReference; lastKnownFileType = sourcecode.swift; path = SoundService.swift; sourceTree = "<group>"; };
		BBB000011 /* HistoryService.swift */ = {isa = PBXFileReference; lastKnownFileType = sourcecode.swift; path = HistoryService.swift; sourceTree = "<group>"; };
		BBB000012 /* HistoryView.swift */ = {isa = PBXFileReference; lastKnownFileType = sourcecode.swift; path = HistoryView.swift; sourceTree = "<group>"; };
		CCC000010 /* Assets.xcassets */ = {isa = PBXFileReference; lastKnownFileType = folder.assetcatalog; path = Assets.xcassets; sourceTree = "<group>"; };
		DDD000010 /* SpeechDetectionPolicy.swift */ = {isa = PBXFileReference; lastKnownFileType = sourcecode.swift; path = SpeechDetectionPolicy.swift; sourceTree = "<group>"; };
		DDD000011 /* MultipartFormData.swift */ = {isa = PBXFileReference; lastKnownFileType = sourcecode.swift; path = MultipartFormData.swift; sourceTree = "<group>"; };
		DDD000012 /* PerformanceMetricsService.swift */ = {isa = PBXFileReference; lastKnownFileType = sourcecode.swift; path = PerformanceMetricsService.swift; sourceTree = "<group>"; };
		DDD000013 /* StatusHUD.swift */ = {isa = PBXFileReference; lastKnownFileType = sourcecode.swift; path = StatusHUD.swift; sourceTree = "<group>"; };
		EEE000010 /* PressayTests.swift */ = {isa = PBXFileReference; lastKnownFileType = sourcecode.swift; path = PressayTests.swift; sourceTree = "<group>"; };
		EEE000011 /* PressayTests.xctest */ = {isa = PBXFileReference; explicitFileType = wrapper.cfbundle; includeInIndex = 0; path = PressayTests.xctest; sourceTree = BUILT_PRODUCTS_DIR; };
		FFF000010 /* AppMigrationService.swift */ = {isa = PBXFileReference; lastKnownFileType = sourcecode.swift; path = AppMigrationService.swift; sourceTree = "<group>"; };
		FFF000011 /* UpdateService.swift */ = {isa = PBXFileReference; lastKnownFileType = sourcecode.swift; path = UpdateService.swift; sourceTree = "<group>"; };
		GGG000010 /* VoiceSession.swift */ = {isa = PBXFileReference; lastKnownFileType = sourcecode.swift; path = VoiceSession.swift; sourceTree = "<group>"; };
		GGG000011 /* ServiceProtocols.swift */ = {isa = PBXFileReference; lastKnownFileType = sourcecode.swift; path = ServiceProtocols.swift; sourceTree = "<group>"; };
		GGG000012 /* AccessibilityContextService.swift */ = {isa = PBXFileReference; lastKnownFileType = sourcecode.swift; path = AccessibilityContextService.swift; sourceTree = "<group>"; };
		GGG000013 /* SessionCoordinator.swift */ = {isa = PBXFileReference; lastKnownFileType = sourcecode.swift; path = SessionCoordinator.swift; sourceTree = "<group>"; };
		HHH000010 /* ModeStore.swift */ = {isa = PBXFileReference; lastKnownFileType = sourcecode.swift; path = ModeStore.swift; sourceTree = "<group>"; };
		HHH000011 /* OpenAITextProcessingService.swift */ = {isa = PBXFileReference; lastKnownFileType = sourcecode.swift; path = OpenAITextProcessingService.swift; sourceTree = "<group>"; };
		HHH000012 /* TextPreview.swift */ = {isa = PBXFileReference; lastKnownFileType = sourcecode.swift; path = TextPreview.swift; sourceTree = "<group>"; };
		HHH000013 /* ModesView.swift */ = {isa = PBXFileReference; lastKnownFileType = sourcecode.swift; path = ModesView.swift; sourceTree = "<group>"; };
		III000010 /* ClipboardTransactionCoordinator.swift */ = {isa = PBXFileReference; lastKnownFileType = sourcecode.swift; path = ClipboardTransactionCoordinator.swift; sourceTree = "<group>"; };
		III000011 /* CloudConsentService.swift */ = {isa = PBXFileReference; lastKnownFileType = sourcecode.swift; path = CloudConsentService.swift; sourceTree = "<group>"; };
		III000012 /* InMemoryReplayBuffer.swift */ = {isa = PBXFileReference; lastKnownFileType = sourcecode.swift; path = InMemoryReplayBuffer.swift; sourceTree = "<group>"; };
		JJJ000010 /* ProviderRoutingService.swift */ = {isa = PBXFileReference; lastKnownFileType = sourcecode.swift; path = ProviderRoutingService.swift; sourceTree = "<group>"; };
		JJJ000011 /* ModelCatalogService.swift */ = {isa = PBXFileReference; lastKnownFileType = sourcecode.swift; path = ModelCatalogService.swift; sourceTree = "<group>"; };
		KKK000010 /* ShortcutRecorderView.swift */ = {isa = PBXFileReference; lastKnownFileType = sourcecode.swift; path = ShortcutRecorderView.swift; sourceTree = "<group>"; };
		OOO000010 /* WhisperKitTranscriptionService.swift */ = {isa = PBXFileReference; lastKnownFileType = sourcecode.swift; path = WhisperKitTranscriptionService.swift; sourceTree = "<group>"; };
		PPP000010 /* AccountService.swift */ = {isa = PBXFileReference; lastKnownFileType = sourcecode.swift; path = AccountService.swift; sourceTree = "<group>"; };
		MAS000010 /* DistributionChannel.swift */ = {isa = PBXFileReference; lastKnownFileType = sourcecode.swift; path = DistributionChannel.swift; sourceTree = "<group>"; };
		MAS000011 /* Info-AppStore.plist */ = {isa = PBXFileReference; lastKnownFileType = text.plist.xml; path = "Info-AppStore.plist"; sourceTree = "<group>"; };
		MAS000012 /* PressayAppStore.entitlements */ = {isa = PBXFileReference; lastKnownFileType = text.plist.entitlements; path = PressayAppStore.entitlements; sourceTree = "<group>"; };
		MAS000013 /* PrivacyInfo.xcprivacy */ = {isa = PBXFileReference; lastKnownFileType = text.xml; path = PrivacyInfo.xcprivacy; sourceTree = "<group>"; };
		MAS000014 /* Pressay Companion.app */ = {isa = PBXFileReference; explicitFileType = wrapper.application; includeInIndex = 0; path = "Pressay Companion.app"; sourceTree = BUILT_PRODUCTS_DIR; };
		ZZZ000010 /* PressayAXFixtureApp.swift */ = {isa = PBXFileReference; lastKnownFileType = sourcecode.swift; path = PressayAXFixtureApp.swift; sourceTree = "<group>"; };
		ZZZ000011 /* PressayAXFixture.app */ = {isa = PBXFileReference; explicitFileType = wrapper.application; includeInIndex = 0; path = PressayAXFixture.app; sourceTree = BUILT_PRODUCTS_DIR; };
/* End PBXFileReference section */

/* Begin PBXFrameworksBuildPhase section */
		AAA00001D /* Frameworks */ = {
			isa = PBXFrameworksBuildPhase;
			buildActionMask = 2147483647;
			files = (
				FFF000003 /* Sparkle in Frameworks */,
				OOO000001 /* WhisperKit in Frameworks */,
			);
			runOnlyForDeploymentPostprocessing = 0;
		};
		EEE00001D /* Frameworks */ = {
			isa = PBXFrameworksBuildPhase;
			buildActionMask = 2147483647;
			files = (
			);
			runOnlyForDeploymentPostprocessing = 0;
		};
		MAS00001D /* Frameworks */ = {
			isa = PBXFrameworksBuildPhase;
			buildActionMask = 2147483647;
			files = (
				MAS100025 /* WhisperKit in Frameworks */,
			);
			runOnlyForDeploymentPostprocessing = 0;
		};
		ZZZ00001D /* Frameworks */ = {
			isa = PBXFrameworksBuildPhase;
			buildActionMask = 2147483647;
			files = (
			);
			runOnlyForDeploymentPostprocessing = 0;
		};
/* End PBXFrameworksBuildPhase section */

/* Begin PBXGroup section */
		AAA00001E /* Pressay */ = {
			isa = PBXGroup;
			children = (
				AAA000010 /* PressayApp.swift */,
				AAA000011 /* AppState.swift */,
				GGG000020 /* Domain */,
				AAA00001F /* Views */,
				AAA000020 /* Services */,
				AAA000021 /* Helpers */,
				CCC000010 /* Assets.xcassets */,
				AAA00001A /* Info.plist */,
				AAA00001B /* Pressay.entitlements */,
				MAS000011 /* Info-AppStore.plist */,
				MAS000012 /* PressayAppStore.entitlements */,
				MAS000013 /* PrivacyInfo.xcprivacy */,
			);
			path = Pressay;
			sourceTree = "<group>";
		};
		AAA00001F /* Views */ = {
			isa = PBXGroup;
			children = (
				AAA000012 /* MenuBarView.swift */,
				AAA000013 /* SettingsView.swift */,
				BBB000012 /* HistoryView.swift */,
				DDD000013 /* StatusHUD.swift */,
				HHH000012 /* TextPreview.swift */,
				HHH000013 /* ModesView.swift */,
				KKK000010 /* ShortcutRecorderView.swift */,
			);
			path = Views;
			sourceTree = "<group>";
		};
		AAA000020 /* Services */ = {
			isa = PBXGroup;
			children = (
				AAA000014 /* AudioRecorder.swift */,
				AAA000015 /* KeyboardService.swift */,
				AAA000016 /* TranscriptionService.swift */,
				AAA000017 /* TextInjector.swift */,
				BBB000010 /* SoundService.swift */,
				BBB000011 /* HistoryService.swift */,
				DDD000012 /* PerformanceMetricsService.swift */,
				FFF000010 /* AppMigrationService.swift */,
				FFF000011 /* UpdateService.swift */,
				GGG000011 /* ServiceProtocols.swift */,
				GGG000012 /* AccessibilityContextService.swift */,
				GGG000013 /* SessionCoordinator.swift */,
				HHH000010 /* ModeStore.swift */,
				HHH000011 /* OpenAITextProcessingService.swift */,
				III000010 /* ClipboardTransactionCoordinator.swift */,
				III000011 /* CloudConsentService.swift */,
				III000012 /* InMemoryReplayBuffer.swift */,
				JJJ000010 /* ProviderRoutingService.swift */,
				JJJ000011 /* ModelCatalogService.swift */,
				OOO000010 /* WhisperKitTranscriptionService.swift */,
				PPP000010 /* AccountService.swift */,
			);
			path = Services;
			sourceTree = "<group>";
		};
		AAA000021 /* Helpers */ = {
			isa = PBXGroup;
			children = (
				AAA000018 /* KeychainHelper.swift */,
				AAA000019 /* Constants.swift */,
				DDD000010 /* SpeechDetectionPolicy.swift */,
				DDD000011 /* MultipartFormData.swift */,
			);
			path = Helpers;
			sourceTree = "<group>";
		};
		AAA000022 /* Products */ = {
			isa = PBXGroup;
			children = (
				AAA00001C /* Pressay.app */,
				MAS000014 /* Pressay Companion.app */,
				EEE000011 /* PressayTests.xctest */,
				ZZZ000011 /* PressayAXFixture.app */,
			);
			name = Products;
			sourceTree = "<group>";
		};
		GGG000020 /* Domain */ = {
			isa = PBXGroup;
			children = (
				GGG000010 /* VoiceSession.swift */,
				MAS000010 /* DistributionChannel.swift */,
			);
			path = Domain;
			sourceTree = "<group>";
		};
		AAA000023 /* Root */ = {
			isa = PBXGroup;
			children = (
				AAA00001E /* Pressay */,
				EEE00001E /* PressayTests */,
				ZZZ00001E /* PressayAXFixture */,
				AAA000022 /* Products */,
			);
			sourceTree = "<group>";
		};
		EEE00001E /* PressayTests */ = {
			isa = PBXGroup;
			children = (
				EEE000010 /* PressayTests.swift */,
			);
			path = PressayTests;
			sourceTree = "<group>";
		};
		ZZZ00001E /* PressayAXFixture */ = {
			isa = PBXGroup;
			children = (
				ZZZ000010 /* PressayAXFixtureApp.swift */,
			);
			path = PressayAXFixture;
			sourceTree = "<group>";
		};
/* End PBXGroup section */

/* Begin PBXContainerItemProxy section */
		EEE000031 /* PBXContainerItemProxy */ = {
			isa = PBXContainerItemProxy;
			containerPortal = AAA000028 /* Project object */;
			proxyType = 1;
			remoteGlobalIDString = AAA000024;
			remoteInfo = Pressay;
		};
/* End PBXContainerItemProxy section */

/* Begin PBXNativeTarget section */
		AAA000024 /* Pressay */ = {
			isa = PBXNativeTarget;
			buildConfigurationList = AAA000025 /* Build configuration list for PBXNativeTarget "Pressay" */;
			buildPhases = (
				AAA000026 /* Sources */,
				AAA00001D /* Frameworks */,
				AAA000027 /* Resources */,
			);
			buildRules = (
			);
			dependencies = (
			);
			name = Pressay;
			packageProductDependencies = (
				FFF000012 /* Sparkle */,
				OOO000012 /* WhisperKit */,
			);
			productName = Pressay;
			productReference = AAA00001C /* Pressay.app */;
			productType = "com.apple.product-type.application";
		};
		MAS000024 /* Pressay App Store */ = {
			isa = PBXNativeTarget;
			buildConfigurationList = MAS000025 /* Build configuration list for PBXNativeTarget "Pressay App Store" */;
			buildPhases = (
				MAS000026 /* Sources */,
				MAS00001D /* Frameworks */,
				MAS000027 /* Resources */,
			);
			buildRules = (
			);
			dependencies = (
			);
			name = "Pressay App Store";
			packageProductDependencies = (
				OOO000012 /* WhisperKit */,
			);
			productName = "Pressay Companion";
			productReference = MAS000014 /* Pressay Companion.app */;
			productType = "com.apple.product-type.application";
		};
		EEE000024 /* PressayTests */ = {
			isa = PBXNativeTarget;
			buildConfigurationList = EEE000025 /* Build configuration list for PBXNativeTarget "PressayTests" */;
			buildPhases = (
				EEE000026 /* Sources */,
				EEE00001D /* Frameworks */,
				EEE000027 /* Resources */,
			);
			buildRules = (
			);
			dependencies = (
				EEE000030 /* PBXTargetDependency */,
			);
			name = PressayTests;
			productName = PressayTests;
			productReference = EEE000011 /* PressayTests.xctest */;
			productType = "com.apple.product-type.bundle.unit-test";
		};
		ZZZ000024 /* PressayAXFixture */ = {
			isa = PBXNativeTarget;
			buildConfigurationList = ZZZ000025 /* Build configuration list for PBXNativeTarget "PressayAXFixture" */;
			buildPhases = (
				ZZZ000026 /* Sources */,
				ZZZ00001D /* Frameworks */,
				ZZZ000027 /* Resources */,
			);
			buildRules = (
			);
			dependencies = (
			);
			name = PressayAXFixture;
			productName = PressayAXFixture;
			productReference = ZZZ000011 /* PressayAXFixture.app */;
			productType = "com.apple.product-type.application";
		};
/* End PBXNativeTarget section */

/* Begin PBXProject section */
		AAA000028 /* Project object */ = {
			isa = PBXProject;
			attributes = {
				BuildIndependentTargetsInParallel = 1;
				LastSwiftUpdateCheck = 1500;
				LastUpgradeCheck = 1500;
				TargetAttributes = {
					AAA000024 = {
						CreatedOnToolsVersion = 15.0;
					};
					EEE000024 = {
						CreatedOnToolsVersion = 15.0;
						TestTargetID = AAA000024;
					};
					MAS000024 = {
						CreatedOnToolsVersion = 26.0;
					};
					ZZZ000024 = {
						CreatedOnToolsVersion = 15.0;
					};
				};
			};
			buildConfigurationList = AAA000029 /* Build configuration list for PBXProject "Pressay" */;
			compatibilityVersion = "Xcode 14.0";
			developmentRegion = fr;
			hasScannedForEncodings = 0;
			knownRegions = (
				fr,
				Base,
			);
			mainGroup = AAA000023 /* Root */;
			packageReferences = (
				FFF000013 /* XCRemoteSwiftPackageReference "Sparkle" */,
				OOO000011 /* XCRemoteSwiftPackageReference "argmax-oss-swift" */,
			);
			productRefGroup = AAA000022 /* Products */;
			projectDirPath = "";
			projectRoot = "";
			targets = (
				AAA000024 /* Pressay */,
				MAS000024 /* Pressay App Store */,
				EEE000024 /* PressayTests */,
				ZZZ000024 /* PressayAXFixture */,
			);
		};
/* End PBXProject section */

/* Begin PBXResourcesBuildPhase section */
		AAA000027 /* Resources */ = {
			isa = PBXResourcesBuildPhase;
			buildActionMask = 2147483647;
			files = (
				CCC000001 /* Assets.xcassets in Resources */,
				NNN000001 /* PrivacyInfo.xcprivacy in Resources */,
			);
			runOnlyForDeploymentPostprocessing = 0;
		};
		EEE000027 /* Resources */ = {
			isa = PBXResourcesBuildPhase;
			buildActionMask = 2147483647;
			files = (
			);
			runOnlyForDeploymentPostprocessing = 0;
		};
		MAS000027 /* Resources */ = {
			isa = PBXResourcesBuildPhase;
			buildActionMask = 2147483647;
			files = (
				MAS100021 /* Assets.xcassets in Resources */,
				MAS100022 /* PrivacyInfo.xcprivacy in Resources */,
			);
			runOnlyForDeploymentPostprocessing = 0;
		};
		ZZZ000027 /* Resources */ = {
			isa = PBXResourcesBuildPhase;
			buildActionMask = 2147483647;
			files = (
			);
			runOnlyForDeploymentPostprocessing = 0;
		};
/* End PBXResourcesBuildPhase section */

/* Begin PBXSourcesBuildPhase section */
		AAA000026 /* Sources */ = {
			isa = PBXSourcesBuildPhase;
			buildActionMask = 2147483647;
			files = (
				AAA000001 /* PressayApp.swift in Sources */,
				AAA000002 /* AppState.swift in Sources */,
				AAA000003 /* MenuBarView.swift in Sources */,
				AAA000004 /* SettingsView.swift in Sources */,
				AAA000005 /* AudioRecorder.swift in Sources */,
				AAA000006 /* KeyboardService.swift in Sources */,
				AAA000007 /* TranscriptionService.swift in Sources */,
				AAA000008 /* TextInjector.swift in Sources */,
				AAA000009 /* KeychainHelper.swift in Sources */,
				AAA00000A /* Constants.swift in Sources */,
				BBB000001 /* SoundService.swift in Sources */,
				BBB000002 /* HistoryService.swift in Sources */,
				BBB000003 /* HistoryView.swift in Sources */,
				DDD000001 /* SpeechDetectionPolicy.swift in Sources */,
				DDD000002 /* MultipartFormData.swift in Sources */,
				DDD000003 /* PerformanceMetricsService.swift in Sources */,
				DDD000004 /* StatusHUD.swift in Sources */,
				FFF000001 /* AppMigrationService.swift in Sources */,
				FFF000002 /* UpdateService.swift in Sources */,
				GGG000001 /* VoiceSession.swift in Sources */,
				GGG000002 /* ServiceProtocols.swift in Sources */,
				GGG000003 /* AccessibilityContextService.swift in Sources */,
				GGG000004 /* SessionCoordinator.swift in Sources */,
				HHH000001 /* ModeStore.swift in Sources */,
				HHH000002 /* OpenAITextProcessingService.swift in Sources */,
				HHH000003 /* TextPreview.swift in Sources */,
				HHH000004 /* ModesView.swift in Sources */,
				III000001 /* ClipboardTransactionCoordinator.swift in Sources */,
				III000002 /* CloudConsentService.swift in Sources */,
				III000003 /* InMemoryReplayBuffer.swift in Sources */,
				JJJ000001 /* ProviderRoutingService.swift in Sources */,
				JJJ000002 /* ModelCatalogService.swift in Sources */,
				KKK000001 /* ShortcutRecorderView.swift in Sources */,
				MAS000001 /* DistributionChannel.swift in Sources */,
				OOO000002 /* WhisperKitTranscriptionService.swift in Sources */,
				PPP000001 /* AccountService.swift in Sources */,
			);
			runOnlyForDeploymentPostprocessing = 0;
		};
		EEE000026 /* Sources */ = {
			isa = PBXSourcesBuildPhase;
			buildActionMask = 2147483647;
			files = (
				EEE000001 /* PressayTests.swift in Sources */,
			);
			runOnlyForDeploymentPostprocessing = 0;
		};
		MAS000026 /* Sources */ = {
			isa = PBXSourcesBuildPhase;
			buildActionMask = 2147483647;
			files = (
				MAS100001 /* PressayApp.swift in Sources */,
				MAS100002 /* AppState.swift in Sources */,
				MAS100003 /* MenuBarView.swift in Sources */,
				MAS100004 /* SettingsView.swift in Sources */,
				MAS100005 /* AudioRecorder.swift in Sources */,
				MAS100006 /* KeyboardService.swift in Sources */,
				MAS100007 /* TranscriptionService.swift in Sources */,
				MAS100008 /* TextInjector.swift in Sources */,
				MAS100009 /* KeychainHelper.swift in Sources */,
				MAS10000A /* Constants.swift in Sources */,
				MAS10000B /* SoundService.swift in Sources */,
				MAS10000C /* HistoryService.swift in Sources */,
				MAS10000D /* HistoryView.swift in Sources */,
				MAS10000E /* SpeechDetectionPolicy.swift in Sources */,
				MAS10000F /* MultipartFormData.swift in Sources */,
				MAS100010 /* PerformanceMetricsService.swift in Sources */,
				MAS100011 /* StatusHUD.swift in Sources */,
				MAS100012 /* UpdateService.swift in Sources */,
				MAS100013 /* VoiceSession.swift in Sources */,
				MAS100014 /* ServiceProtocols.swift in Sources */,
				MAS100015 /* AccessibilityContextService.swift in Sources */,
				MAS100016 /* SessionCoordinator.swift in Sources */,
				MAS100017 /* ModeStore.swift in Sources */,
				MAS100018 /* OpenAITextProcessingService.swift in Sources */,
				MAS100019 /* TextPreview.swift in Sources */,
				MAS10001A /* ModesView.swift in Sources */,
				MAS10001B /* ClipboardTransactionCoordinator.swift in Sources */,
				MAS10001C /* CloudConsentService.swift in Sources */,
				MAS10001D /* InMemoryReplayBuffer.swift in Sources */,
				MAS10001E /* ProviderRoutingService.swift in Sources */,
				MAS10001F /* ShortcutRecorderView.swift in Sources */,
				MAS100020 /* DistributionChannel.swift in Sources */,
				MAS100026 /* WhisperKitTranscriptionService.swift in Sources */,
				MAS100027 /* AccountService.swift in Sources */,
			);
			runOnlyForDeploymentPostprocessing = 0;
		};
		ZZZ000026 /* Sources */ = {
			isa = PBXSourcesBuildPhase;
			buildActionMask = 2147483647;
			files = (
				ZZZ000001 /* PressayAXFixtureApp.swift in Sources */,
			);
			runOnlyForDeploymentPostprocessing = 0;
		};
/* End PBXSourcesBuildPhase section */

/* Begin PBXTargetDependency section */
		EEE000030 /* PBXTargetDependency */ = {
			isa = PBXTargetDependency;
			target = AAA000024 /* Pressay */;
			targetProxy = EEE000031 /* PBXContainerItemProxy */;
		};
/* End PBXTargetDependency section */

/* Begin XCRemoteSwiftPackageReference section */
		FFF000013 /* XCRemoteSwiftPackageReference "Sparkle" */ = {
			isa = XCRemoteSwiftPackageReference;
			repositoryURL = "https://github.com/sparkle-project/Sparkle";
			requirement = {
				kind = exactVersion;
				version = 2.9.2;
			};
		};
		OOO000011 /* XCRemoteSwiftPackageReference "argmax-oss-swift" */ = {
			isa = XCRemoteSwiftPackageReference;
			repositoryURL = "https://github.com/argmaxinc/argmax-oss-swift";
			requirement = {
				kind = exactVersion;
				version = 1.0.0;
			};
		};
/* End XCRemoteSwiftPackageReference section */

/* Begin XCSwiftPackageProductDependency section */
		FFF000012 /* Sparkle */ = {
			isa = XCSwiftPackageProductDependency;
			package = FFF000013 /* XCRemoteSwiftPackageReference "Sparkle" */;
			productName = Sparkle;
		};
		OOO000012 /* WhisperKit */ = {
			isa = XCSwiftPackageProductDependency;
			package = OOO000011 /* XCRemoteSwiftPackageReference "argmax-oss-swift" */;
			productName = WhisperKit;
		};
/* End XCSwiftPackageProductDependency section */

/* Begin XCBuildConfiguration section */
		AAA00002B /* Debug */ = {
			isa = XCBuildConfiguration;
			buildSettings = {
				ALWAYS_SEARCH_USER_PATHS = NO;
				CLANG_ANALYZER_NONNULL = YES;
				CLANG_ANALYZER_NUMBER_OBJECT_CONVERSION = YES_AGGRESSIVE;
				CLANG_CXX_LANGUAGE_STANDARD = "gnu++20";
				CLANG_ENABLE_MODULES = YES;
				CLANG_ENABLE_OBJC_ARC = YES;
				CLANG_ENABLE_OBJC_WEAK = YES;
				CLANG_WARN_BLOCK_CAPTURE_AUTORELEASING = YES;
				CLANG_WARN_BOOL_CONVERSION = YES;
				CLANG_WARN_COMMA = YES;
				CLANG_WARN_CONSTANT_CONVERSION = YES;
				CLANG_WARN_DEPRECATED_OBJC_IMPLEMENTATIONS = YES;
				CLANG_WARN_DIRECT_OBJC_ISA_USAGE = YES_ERROR;
				CLANG_WARN_DOCUMENTATION_COMMENTS = YES;
				CLANG_WARN_EMPTY_BODY = YES;
				CLANG_WARN_ENUM_CONVERSION = YES;
				CLANG_WARN_INFINITE_RECURSION = YES;
				CLANG_WARN_INT_CONVERSION = YES;
				CLANG_WARN_NON_LITERAL_NULL_CONVERSION = YES;
				CLANG_WARN_OBJC_IMPLICIT_RETAIN_SELF = YES;
				CLANG_WARN_OBJC_LITERAL_CONVERSION = YES;
				CLANG_WARN_OBJC_ROOT_CLASS = YES_ERROR;
				CLANG_WARN_QUOTED_INCLUDE_IN_FRAMEWORK_HEADER = YES;
				CLANG_WARN_RANGE_LOOP_ANALYSIS = YES;
				CLANG_WARN_STRICT_PROTOTYPES = YES;
				CLANG_WARN_SUSPICIOUS_MOVE = YES;
				CLANG_WARN_UNGUARDED_AVAILABILITY = YES_AGGRESSIVE;
				CLANG_WARN_UNREACHABLE_CODE = YES;
				CLANG_WARN__DUPLICATE_METHOD_MATCH = YES;
				COPY_PHASE_STRIP = NO;
				DEBUG_INFORMATION_FORMAT = dwarf;
				ENABLE_STRICT_OBJC_MSGSEND = YES;
				ENABLE_TESTABILITY = YES;
				GCC_C_LANGUAGE_STANDARD = gnu17;
				GCC_DYNAMIC_NO_PIC = NO;
				GCC_NO_COMMON_BLOCKS = YES;
				GCC_OPTIMIZATION_LEVEL = 0;
				GCC_PREPROCESSOR_DEFINITIONS = (
					"DEBUG=1",
					"$(inherited)",
				);
				GCC_WARN_64_TO_32_BIT_CONVERSION = YES;
				GCC_WARN_ABOUT_RETURN_TYPE = YES_ERROR;
				GCC_WARN_UNDECLARED_SELECTOR = YES;
				GCC_WARN_UNINITIALIZED_AUTOS = YES_AGGRESSIVE;
				GCC_WARN_UNUSED_FUNCTION = YES;
				GCC_WARN_UNUSED_VARIABLE = YES;
				MACOSX_DEPLOYMENT_TARGET = 14.0;
				MTL_ENABLE_DEBUG_INFO = INCLUDE_SOURCE;
				MTL_FAST_MATH = YES;
				ONLY_ACTIVE_ARCH = YES;
				SDKROOT = macosx;
				SWIFT_ACTIVE_COMPILATION_CONDITIONS = DEBUG;
				SWIFT_OPTIMIZATION_LEVEL = "-Onone";
			};
			name = Debug;
		};
		AAA00002C /* Release */ = {
			isa = XCBuildConfiguration;
			buildSettings = {
				ALWAYS_SEARCH_USER_PATHS = NO;
				CLANG_ANALYZER_NONNULL = YES;
				CLANG_ANALYZER_NUMBER_OBJECT_CONVERSION = YES_AGGRESSIVE;
				CLANG_CXX_LANGUAGE_STANDARD = "gnu++20";
				CLANG_ENABLE_MODULES = YES;
				CLANG_ENABLE_OBJC_ARC = YES;
				CLANG_ENABLE_OBJC_WEAK = YES;
				CLANG_WARN_BLOCK_CAPTURE_AUTORELEASING = YES;
				CLANG_WARN_BOOL_CONVERSION = YES;
				CLANG_WARN_COMMA = YES;
				CLANG_WARN_CONSTANT_CONVERSION = YES;
				CLANG_WARN_DEPRECATED_OBJC_IMPLEMENTATIONS = YES;
				CLANG_WARN_DIRECT_OBJC_ISA_USAGE = YES_ERROR;
				CLANG_WARN_DOCUMENTATION_COMMENTS = YES;
				CLANG_WARN_EMPTY_BODY = YES;
				CLANG_WARN_ENUM_CONVERSION = YES;
				CLANG_WARN_INFINITE_RECURSION = YES;
				CLANG_WARN_INT_CONVERSION = YES;
				CLANG_WARN_NON_LITERAL_NULL_CONVERSION = YES;
				CLANG_WARN_OBJC_IMPLICIT_RETAIN_SELF = YES;
				CLANG_WARN_OBJC_LITERAL_CONVERSION = YES;
				CLANG_WARN_OBJC_ROOT_CLASS = YES_ERROR;
				CLANG_WARN_QUOTED_INCLUDE_IN_FRAMEWORK_HEADER = YES;
				CLANG_WARN_RANGE_LOOP_ANALYSIS = YES;
				CLANG_WARN_STRICT_PROTOTYPES = YES;
				CLANG_WARN_SUSPICIOUS_MOVE = YES;
				CLANG_WARN_UNGUARDED_AVAILABILITY = YES_AGGRESSIVE;
				CLANG_WARN_UNREACHABLE_CODE = YES;
				CLANG_WARN__DUPLICATE_METHOD_MATCH = YES;
				COPY_PHASE_STRIP = NO;
				DEBUG_INFORMATION_FORMAT = "dwarf-with-dsym";
				ENABLE_NS_ASSERTIONS = NO;
				ENABLE_STRICT_OBJC_MSGSEND = YES;
				GCC_C_LANGUAGE_STANDARD = gnu17;
				GCC_NO_COMMON_BLOCKS = YES;
				GCC_WARN_64_TO_32_BIT_CONVERSION = YES;
				GCC_WARN_ABOUT_RETURN_TYPE = YES_ERROR;
				GCC_WARN_UNDECLARED_SELECTOR = YES;
				GCC_WARN_UNINITIALIZED_AUTOS = YES_AGGRESSIVE;
				GCC_WARN_UNUSED_FUNCTION = YES;
				GCC_WARN_UNUSED_VARIABLE = YES;
				MACOSX_DEPLOYMENT_TARGET = 14.0;
				MTL_ENABLE_DEBUG_INFO = NO;
				MTL_FAST_MATH = YES;
				SDKROOT = macosx;
				SWIFT_COMPILATION_MODE = wholemodule;
				SWIFT_OPTIMIZATION_LEVEL = "-O";
			};
			name = Release;
		};
		AAA00002D /* Debug */ = {
			isa = XCBuildConfiguration;
			buildSettings = {
				ASSETCATALOG_COMPILER_APPICON_NAME = AppIcon;
				ASSETCATALOG_COMPILER_GLOBAL_ACCENT_COLOR_NAME = AccentColor;
				CODE_SIGN_ENTITLEMENTS = Pressay/Pressay.entitlements;
				CODE_SIGN_IDENTITY = "Apple Development";
				CODE_SIGN_STYLE = Automatic;
				COMBINE_HIDPI_IMAGES = YES;
				CURRENT_PROJECT_VERSION = 12107;
				DEVELOPMENT_TEAM = G9WFV7HNV6;
				ENABLE_HARDENED_RUNTIME = NO;
				GENERATE_INFOPLIST_FILE = NO;
				INFOPLIST_FILE = Pressay/Info.plist;
				INFOPLIST_KEY_CFBundleDisplayName = Pressay;
				INFOPLIST_KEY_LSApplicationCategoryType = "public.app-category.productivity";
				INFOPLIST_KEY_NSHumanReadableCopyright = "";
				LD_RUNPATH_SEARCH_PATHS = (
					"$(inherited)",
					"@executable_path/../Frameworks",
				);
				MARKETING_VERSION = 1.2.8;
				PRODUCT_BUNDLE_IDENTIFIER = fr.yodev.pressay.debug;
				PRODUCT_NAME = "$(TARGET_NAME)";
				PRESSAY_API_BASE_URL = "https://api-staging.press-say.app/v1";
				PRESSAY_COMMERCIAL_ENABLED = YES;
				PRESSAY_DISPLAY_NAME = "Pressay Local";
				PRESSAY_ENTITLEMENT_PUBLIC_KEY = "MCowBQYDK2VwAyEAAVwzalOAbDWhE82ix/GwYl6LgiYIFrUsQmFVZFtw5L4=";
				PRESSAY_OAUTH_AUDIENCE = "https://api.press-say.app";
				PRESSAY_OAUTH_CLIENT_ID = "$(PRESSAY_OAUTH_CLIENT_PREFIX)$(PRESSAY_OAUTH_CLIENT_SUFFIX)";
				PRESSAY_OAUTH_CLIENT_PREFIX = w9ckUgrc;
				PRESSAY_OAUTH_CLIENT_SUFFIX = Fp7H7wNV;
				PRESSAY_OAUTH_ISSUER_URL = "https://press-say.app";
				SPARKLE_PUBLIC_ED_KEY = "UZhQqKvJ2hCq/tcAznz/tbwCMF0N5Jx01IjEltwQ/Y4=";
				SWIFT_EMIT_LOC_STRINGS = YES;
				SWIFT_VERSION = 5.0;
				WRAPPER_NAME = "Pressay Local.app";
			};
			name = Debug;
		};
		AAA00002E /* Release */ = {
			isa = XCBuildConfiguration;
			buildSettings = {
				ASSETCATALOG_COMPILER_APPICON_NAME = AppIcon;
				ASSETCATALOG_COMPILER_GLOBAL_ACCENT_COLOR_NAME = AccentColor;
				CODE_SIGN_ENTITLEMENTS = Pressay/Pressay.entitlements;
				CODE_SIGN_INJECT_BASE_ENTITLEMENTS = NO;
				CODE_SIGN_STYLE = Automatic;
				COMBINE_HIDPI_IMAGES = YES;
				CURRENT_PROJECT_VERSION = 12107;
				DEVELOPMENT_TEAM = "";
				ENABLE_HARDENED_RUNTIME = YES;
				GENERATE_INFOPLIST_FILE = NO;
				INFOPLIST_FILE = Pressay/Info.plist;
				INFOPLIST_KEY_CFBundleDisplayName = Pressay;
				INFOPLIST_KEY_LSApplicationCategoryType = "public.app-category.productivity";
				INFOPLIST_KEY_NSHumanReadableCopyright = "";
				LD_RUNPATH_SEARCH_PATHS = (
					"$(inherited)",
					"@executable_path/../Frameworks",
				);
				MARKETING_VERSION = 1.2.8;
				PRODUCT_BUNDLE_IDENTIFIER = fr.yodev.pressay;
				PRODUCT_NAME = "$(TARGET_NAME)";
				PRESSAY_API_BASE_URL = "https://api.press-say.app/v1";
				PRESSAY_COMMERCIAL_ENABLED = YES;
				PRESSAY_DISPLAY_NAME = Pressay;
				PRESSAY_ENTITLEMENT_PUBLIC_KEY = "MCowBQYDK2VwAyEAAVwzalOAbDWhE82ix/GwYl6LgiYIFrUsQmFVZFtw5L4=";
				PRESSAY_OAUTH_AUDIENCE = "https://api.press-say.app";
				PRESSAY_OAUTH_CLIENT_ID = "$(PRESSAY_OAUTH_CLIENT_PREFIX)$(PRESSAY_OAUTH_CLIENT_SUFFIX)";
				PRESSAY_OAUTH_CLIENT_PREFIX = w9ckUgrc;
				PRESSAY_OAUTH_CLIENT_SUFFIX = Fp7H7wNV;
				PRESSAY_OAUTH_ISSUER_URL = "https://press-say.app";
				SPARKLE_PUBLIC_ED_KEY = "UZhQqKvJ2hCq/tcAznz/tbwCMF0N5Jx01IjEltwQ/Y4=";
				SWIFT_EMIT_LOC_STRINGS = YES;
				SWIFT_VERSION = 5.0;
			};
			name = Release;
		};
		MAS00002D /* Debug */ = {
			isa = XCBuildConfiguration;
			buildSettings = {
				ASSETCATALOG_COMPILER_APPICON_NAME = AppIcon;
				ASSETCATALOG_COMPILER_GLOBAL_ACCENT_COLOR_NAME = AccentColor;
				CODE_SIGN_ENTITLEMENTS = Pressay/PressayAppStore.entitlements;
				CODE_SIGN_STYLE = Automatic;
				COMBINE_HIDPI_IMAGES = YES;
				CURRENT_PROJECT_VERSION = 12005;
				DEVELOPMENT_TEAM = G9WFV7HNV6;
				ENABLE_APP_SANDBOX = YES;
				ENABLE_HARDENED_RUNTIME = YES;
				GENERATE_INFOPLIST_FILE = NO;
				INFOPLIST_FILE = "Pressay/Info-AppStore.plist";
				LD_RUNPATH_SEARCH_PATHS = (
					"$(inherited)",
					"@executable_path/../Frameworks",
				);
				MARKETING_VERSION = 1.2.0;
				PRODUCT_BUNDLE_IDENTIFIER = fr.yodev.pressay;
				PRODUCT_NAME = "Pressay Companion";
				PROVISIONING_PROFILE_SPECIFIER = "";
				SWIFT_ACTIVE_COMPILATION_CONDITIONS = "$(inherited) APP_STORE";
				SWIFT_EMIT_LOC_STRINGS = YES;
				SWIFT_VERSION = 5.0;
			};
			name = Debug;
		};
		MAS00002E /* Release */ = {
			isa = XCBuildConfiguration;
			buildSettings = {
				ASSETCATALOG_COMPILER_APPICON_NAME = AppIcon;
				ASSETCATALOG_COMPILER_GLOBAL_ACCENT_COLOR_NAME = AccentColor;
				CODE_SIGN_ENTITLEMENTS = Pressay/PressayAppStore.entitlements;
				CODE_SIGN_STYLE = Automatic;
				COMBINE_HIDPI_IMAGES = YES;
				CURRENT_PROJECT_VERSION = 12005;
				DEVELOPMENT_TEAM = G9WFV7HNV6;
				ENABLE_APP_SANDBOX = YES;
				ENABLE_HARDENED_RUNTIME = YES;
				GENERATE_INFOPLIST_FILE = NO;
				INFOPLIST_FILE = "Pressay/Info-AppStore.plist";
				LD_RUNPATH_SEARCH_PATHS = (
					"$(inherited)",
					"@executable_path/../Frameworks",
				);
				MARKETING_VERSION = 1.2.0;
				PRODUCT_BUNDLE_IDENTIFIER = fr.yodev.pressay;
				PRODUCT_NAME = "Pressay Companion";
				PROVISIONING_PROFILE_SPECIFIER = "";
				SWIFT_ACTIVE_COMPILATION_CONDITIONS = "$(inherited) APP_STORE";
				SWIFT_EMIT_LOC_STRINGS = YES;
				SWIFT_VERSION = 5.0;
			};
			name = Release;
		};
		EEE00002D /* Debug */ = {
			isa = XCBuildConfiguration;
			buildSettings = {
				BUNDLE_LOADER = "$(TEST_HOST)";
				CODE_SIGN_STYLE = Automatic;
				GENERATE_INFOPLIST_FILE = YES;
				MACOSX_DEPLOYMENT_TARGET = 14.0;
				PRODUCT_BUNDLE_IDENTIFIER = fr.yodev.pressay.tests;
				PRODUCT_NAME = "$(TARGET_NAME)";
				SWIFT_VERSION = 5.0;
				TEST_HOST = "$(BUILT_PRODUCTS_DIR)/Pressay Local.app/Contents/MacOS/Pressay";
			};
			name = Debug;
		};
		EEE00002E /* Release */ = {
			isa = XCBuildConfiguration;
			buildSettings = {
				BUNDLE_LOADER = "$(TEST_HOST)";
				CODE_SIGN_STYLE = Automatic;
				GENERATE_INFOPLIST_FILE = YES;
				MACOSX_DEPLOYMENT_TARGET = 14.0;
				PRODUCT_BUNDLE_IDENTIFIER = fr.yodev.pressay.tests;
				PRODUCT_NAME = "$(TARGET_NAME)";
				SWIFT_VERSION = 5.0;
				TEST_HOST = "$(BUILT_PRODUCTS_DIR)/Pressay.app/Contents/MacOS/Pressay";
			};
			name = Release;
		};
		ZZZ00002D /* Debug */ = {
			isa = XCBuildConfiguration;
			buildSettings = {
				CODE_SIGN_STYLE = Automatic;
				CURRENT_PROJECT_VERSION = 1;
				GENERATE_INFOPLIST_FILE = YES;
				INFOPLIST_KEY_CFBundleDisplayName = "Pressay AX Fixture";
				INFOPLIST_KEY_LSApplicationCategoryType = "public.app-category.developer-tools";
				MACOSX_DEPLOYMENT_TARGET = 14.0;
				MARKETING_VERSION = 1.0;
				PRODUCT_BUNDLE_IDENTIFIER = fr.yodev.pressay.axfixture;
				PRODUCT_NAME = "$(TARGET_NAME)";
				SWIFT_EMIT_LOC_STRINGS = YES;
				SWIFT_VERSION = 5.0;
			};
			name = Debug;
		};
		ZZZ00002E /* Release */ = {
			isa = XCBuildConfiguration;
			buildSettings = {
				CODE_SIGN_STYLE = Automatic;
				CURRENT_PROJECT_VERSION = 1;
				GENERATE_INFOPLIST_FILE = YES;
				INFOPLIST_KEY_CFBundleDisplayName = "Pressay AX Fixture";
				INFOPLIST_KEY_LSApplicationCategoryType = "public.app-category.developer-tools";
				MACOSX_DEPLOYMENT_TARGET = 14.0;
				MARKETING_VERSION = 1.0;
				PRODUCT_BUNDLE_IDENTIFIER = fr.yodev.pressay.axfixture;
				PRODUCT_NAME = "$(TARGET_NAME)";
				SWIFT_EMIT_LOC_STRINGS = YES;
				SWIFT_VERSION = 5.0;
			};
			name = Release;
		};
/* End XCBuildConfiguration section */

/* Begin XCConfigurationList section */
		AAA000025 /* Build configuration list for PBXNativeTarget "Pressay" */ = {
			isa = XCConfigurationList;
			buildConfigurations = (
				AAA00002D /* Debug */,
				AAA00002E /* Release */,
			);
			defaultConfigurationIsVisible = 0;
			defaultConfigurationName = Release;
		};
		AAA000029 /* Build configuration list for PBXProject "Pressay" */ = {
			isa = XCConfigurationList;
			buildConfigurations = (
				AAA00002B /* Debug */,
				AAA00002C /* Release */,
			);
			defaultConfigurationIsVisible = 0;
			defaultConfigurationName = Release;
		};
		MAS000025 /* Build configuration list for PBXNativeTarget "Pressay App Store" */ = {
			isa = XCConfigurationList;
			buildConfigurations = (
				MAS00002D /* Debug */,
				MAS00002E /* Release */,
			);
			defaultConfigurationIsVisible = 0;
			defaultConfigurationName = Release;
		};
		EEE000025 /* Build configuration list for PBXNativeTarget "PressayTests" */ = {
			isa = XCConfigurationList;
			buildConfigurations = (
				EEE00002D /* Debug */,
				EEE00002E /* Release */,
			);
			defaultConfigurationIsVisible = 0;
			defaultConfigurationName = Release;
		};
		ZZZ000025 /* Build configuration list for PBXNativeTarget "PressayAXFixture" */ = {
			isa = XCConfigurationList;
			buildConfigurations = (
				ZZZ00002D /* Debug */,
				ZZZ00002E /* Release */,
			);
			defaultConfigurationIsVisible = 0;
			defaultConfigurationName = Release;
		};
/* End XCConfigurationList section */
	};
	rootObject = AAA000028 /* Project object */;
}
